# This file is automatically @generated by Cargo.
# It is not intended for manual editing.
version = 4

[[package]]
name = "basic_transition"
version = "0.1.0"
dependencies = [
 "rust-fsm",
]

[[package]]
name = "proc-macro2"
version = "1.0.106"
source = "registry+https://github.com/rust-lang/crates.io-index"
checksum = "8fd00f0bb2e90d81d1044c2b32617f68fcb9fa3bb7640c23e9c748e53fb30934"
dependencies = [
 "unicode-ident",
]

[[package]]
name = "quote"
version = "1.0.45"
source = "registry+https://github.com/rust-lang/crates.io-index"
checksum = "41f2619966050689382d2b44f664f4bc593e129785a36d6ee376ddf37259b924"
dependencies = [
 "proc-macro2",
]

[[package]]
name = "rust-fsm"
version = "0.6.2"
source = "registry+https://github.com/rust-lang/crates.io-index"
checksum = "496dfc1e9384e6e6f53e1f0386825724d86c5b47a7f37ddcad84600744064144"
dependencies = [
 "rust-fsm-dsl",
]

[[package]]
name = "rust-fsm-dsl"
version = "0.6.2"
source = "registry+https://github.com/rust-lang/crates.io-index"
checksum = "a3967e3a7a0ff2cb3d652b971ddb7bb1404e4525f5074b2aa27a0ca723855109"
dependencies = [
 "quote",
 "syn",
]

[[package]]
name = "syn"
version = "1.0.109"
source = "registry+https://github.com/rust-lang/crates.io-index"
checksum = "72b64191b275b66ffe2469e8af2c1cfe3bafa67b529ead792a6d0160888b4237"
dependencies = [
 "proc-macro2",
 "quote",
 "unicode-ident",
]

[[package]]
name = "unicode-ident"
version = "1.0.24"
source = "registry+https://github.com/rust-lang/crates.io-index"
checksum = "e6e4313cd5fcd3dad5cafa179702e2b244f760991f45397d14d4ebf38247da75"
